	<Project xmlns="http://schemas.microsoft.com/developer/msbuild/2003">
		<PropertyGroup>
			<ProjectGuid>{3843E8C1-425E-4564-AD11-0A95B3B00280}</ProjectGuid>
			<MainSource>hJOPserver.dpr</MainSource>
			<Config Condition="'$(Config)'==''">Debug</Config>
			<DCC_DCCCompiler>DCC32</DCC_DCCCompiler>
			<ProjectVersion>12.0</ProjectVersion>
		</PropertyGroup>
		<PropertyGroup Condition="'$(Config)'=='Base' or '$(Base)'!=''">
			<Base>true</Base>
		</PropertyGroup>
		<PropertyGroup Condition="'$(Config)'=='Release' or '$(Cfg_1)'!=''">
			<Cfg_1>true</Cfg_1>
			<CfgParent>Base</CfgParent>
			<Base>true</Base>
		</PropertyGroup>
		<PropertyGroup Condition="'$(Config)'=='Debug' or '$(Cfg_2)'!=''">
			<Cfg_2>true</Cfg_2>
			<CfgParent>Base</CfgParent>
			<Base>true</Base>
		</PropertyGroup>
		<PropertyGroup Condition="'$(Base)'!=''">
			<DCC_DependencyCheckOutputName>..\output\hJOPserver.exe</DCC_DependencyCheckOutputName>
			<DCC_ImageBase>00400000</DCC_ImageBase>
			<DCC_UsePackage>vcl;rtl;vclx;VclSmp;vclshlctrls</DCC_UsePackage>
			<DCC_ExeOutput>..\output\</DCC_ExeOutput>
			<DCC_UnitAlias>WinTypes=Windows;WinProcs=Windows;DbiTypes=BDE;DbiProcs=BDE;DbiErrs=BDE;$(DCC_UnitAlias)</DCC_UnitAlias>
			<DCC_BplOutput>..\outunit\</DCC_BplOutput>
			<DCC_RangeChecking>true</DCC_RangeChecking>
			<DCC_Platform>x86</DCC_Platform>
			<DCC_K>false</DCC_K>
			<DCC_F>false</DCC_F>
			<DCC_N>true</DCC_N>
			<DCC_DcpOutput>..\outunit\</DCC_DcpOutput>
			<DCC_S>false</DCC_S>
			<DCC_E>false</DCC_E>
			<DebugSourcePath>D:\Users\Vlak\MTB\MTB_knihovna\;$(DebugSourcePath)</DebugSourcePath>
			<DCC_SymbolReferenceInfo>1</DCC_SymbolReferenceInfo>
			<DCC_IntegerOverflowCheck>true</DCC_IntegerOverflowCheck>
			<DCC_DcuOutput>..\outunit\</DCC_DcuOutput>
		</PropertyGroup>
		<PropertyGroup Condition="'$(Cfg_1)'!=''">
			<DCC_LocalDebugSymbols>false</DCC_LocalDebugSymbols>
			<DCC_Define>RELEASE;$(DCC_Define)</DCC_Define>
			<DCC_SymbolReferenceInfo>0</DCC_SymbolReferenceInfo>
			<DCC_DebugInformation>false</DCC_DebugInformation>
		</PropertyGroup>
		<PropertyGroup Condition="'$(Cfg_2)'!=''">
			<DCC_MapFile>3</DCC_MapFile>
			<DCC_Define>DEBUG;$(DCC_Define)</DCC_Define>
		</PropertyGroup>
		<ItemGroup>
			<DelphiCompile Include="hJOPserver.dpr">
				<MainSource>MainSource</MainSource>
			</DelphiCompile>
			<DCCReference Include="forms\fTester.pas">
				<Form>F_Tester</Form>
			</DCCReference>
			<DCCReference Include="forms\fMain.pas">
				<Form>F_Main</Form>
			</DCCReference>
			<DCCReference Include="forms\fSettings.pas">
				<Form>F_Options</Form>
			</DCCReference>
			<DCCReference Include="forms\fNastaveni_Casu.pas">
				<Form>F_ModCasSet</Form>
			</DCCReference>
			<DCCReference Include="hv\forms\fRegulator.pas">
				<Form>F_DigiReg</Form>
			</DCCReference>
			<DCCReference Include="forms\fSplash.pas">
				<Form>F_splash</Form>
			</DCCReference>
			<DCCReference Include="forms\fAbout.pas">
				<Form>F_About</Form>
			</DCCReference>
			<DCCReference Include="bloky\forms\fBlkPrejezd.pas">
				<Form>F_BlkPrejezd</Form>
			</DCCReference>
			<DCCReference Include="helpers\Verze.pas"/>
			<DCCReference Include="helpers\adCpuUsage.pas"/>
			<DCCReference Include="forms\fZesilovacEdit.pas">
				<Form>F_ZesilovacEdit</Form>
			</DCCReference>
			<DCCReference Include="bloky\forms\fBlkTrat.pas">
				<Form>F_BlkTrat</Form>
			</DCCReference>
			<DCCReference Include="hv\forms\fHVEdit.pas">
				<Form>F_HVEdit</Form>
			</DCCReference>
			<DCCReference Include="forms\fSystemInfo.pas">
				<Form>F_SystemInfo</Form>
			</DCCReference>
			<DCCReference Include="bloky\forms\fBlkUsek.pas">
				<Form>F_BlkUsek</Form>
			</DCCReference>
			<DCCReference Include="bloky\forms\fBlkVyhybka.pas">
				<Form>F_BlkVyhybka</Form>
			</DCCReference>
			<DCCReference Include="bloky\forms\fBlkIR.pas">
				<Form>F_BlkIR</Form>
			</DCCReference>
			<DCCReference Include="bloky\TBlokPrejezd.pas"/>
			<DCCReference Include="bloky\forms\fBlkNew.pas">
				<Form>F_BlkNew</Form>
			</DCCReference>
			<DCCReference Include="forms\fAdminForm.pas">
				<Form>F_Admin</Form>
			</DCCReference>
			<DCCReference Include="jc\forms\fJCEdit.pas">
				<Form>F_JCEdit</Form>
			</DCCReference>
			<DCCReference Include="forms\fRychlostiEdit.pas">
				<Form>F_RychlostiEdit</Form>
			</DCCReference>
			<DCCReference Include="forms\fSystemAutoStart.pas">
				<Form>F_AutoStartSystems</Form>
			</DCCReference>
			<DCCReference Include="bloky\forms\fBlkUsekSysVars.pas">
				<Form>F_BlkUsek_tech</Form>
			</DCCReference>
			<DCCReference Include="helpers\GetSystems.pas"/>
			<DCCReference Include="helpers\Prevody.pas"/>
			<DCCReference Include="TechnologieRCS.pas"/>
			<DCCReference Include="jc\TechnologieJC.pas"/>
			<DCCReference Include="FileSystem.pas"/>
			<DCCReference Include="forms\fConsole.pas">
				<Form>F_Console</Form>
			</DCCReference>
			<DCCReference Include="trakce\Trakce.pas"/>
			<DCCReference Include="trakce\XpressNET.pas"/>
			<DCCReference Include="trakce\TrakceGUI.pas"/>
			<DCCReference Include="bloky\TBlok.pas"/>
			<DCCReference Include="bloky\TBloky.pas"/>
			<DCCReference Include="bloky\TBlokVyhybka.pas"/>
			<DCCReference Include="bloky\TBlokUsek.pas"/>
			<DCCReference Include="bloky\TBlokIR.pas"/>
			<DCCReference Include="bloky\TBlokNav.pas"/>
			<DCCReference Include="TOblsRizeni.pas"/>
			<DCCReference Include="TOblRizeni.pas"/>
			<DCCReference Include="Booster.pas"/>
			<DCCReference Include="BoosterDb.pas"/>
			<DCCReference Include="bloky\forms\fBlkVyhybkaSysVars.pas">
				<Form>F_BlkVyh_tech</Form>
			</DCCReference>
			<DCCReference Include="AC.pas"/>
			<DCCReference Include="SnadnSpusteni.pas"/>
			<DCCReference Include="jc\TJCDatabase.pas"/>
			<DCCReference Include="hv\THVDatabase.pas"/>
			<DCCReference Include="hv\THnaciVozidlo.pas"/>
			<DCCReference Include="Logging.pas"/>
			<DCCReference Include="TCPServerOR.pas"/>
			<DCCReference Include="tables\DataRCS.pas"/>
			<DCCReference Include="tables\DataHV.pas"/>
			<DCCReference Include="tables\DataJC.pas"/>
			<DCCReference Include="tables\DataAC.pas"/>
			<DCCReference Include="tables\DataBloky.pas"/>
			<DCCReference Include="tables\DataZesilovac.pas"/>
			<DCCReference Include="tables\DataORs.pas"/>
			<DCCReference Include="bloky\TBlokTrat.pas"/>
			<DCCReference Include="bloky\TBlokUvazka.pas"/>
			<DCCReference Include="Souprava.pas"/>
			<DCCReference Include="SprDb.pas"/>
			<DCCReference Include="tables\DataSpr.pas"/>
			<DCCReference Include="User.pas"/>
			<DCCReference Include="UserDb.pas"/>
			<DCCReference Include="tables\DataUsers.pas"/>
			<DCCReference Include="forms\fUserEdit.pas">
				<Form>F_UserEdit</Form>
			</DCCReference>
			<DCCReference Include="Zasobnik.pas"/>
			<DCCReference Include="jc\UPO.pas"/>
			<DCCReference Include="bloky\forms\fBlkTratSysVars.pas">
				<Form>F_BlkTrat_tech</Form>
			</DCCReference>
			<DCCReference Include="ModelovyCas.pas"/>
			<DCCReference Include="bloky\forms\fBlkNavEvent.pas">
				<Form>F_BlkNavEvent</Form>
			</DCCReference>
			<DCCReference Include="helpers\CloseTabSheet.pas"/>
			<DCCReference Include="bloky\TBlokZamek.pas"/>
			<DCCReference Include="bloky\forms\fBlkZamek.pas">
				<Form>F_BlkZamek</Form>
			</DCCReference>
			<DCCReference Include="jc\TMultiJCDatabase.pas"/>
			<DCCReference Include="jc\TechnologieMultiJC.pas"/>
			<DCCReference Include="tables\DataMultiJC.pas"/>
			<DCCReference Include="hv\forms\fHVPomEdit.pas">
				<Form>F_HV_Pom</Form>
			</DCCReference>
			<DCCReference Include="jc\forms\fMJCEdit.pas">
				<Form>F_MJCEdit</Form>
			</DCCReference>
			<DCCReference Include="ACDatabase.pas"/>
			<DCCReference Include="helpers\ownStrUtils.pas"/>
			<DCCReference Include="bloky\TBlokRozp.pas"/>
			<DCCReference Include="bloky\forms\fBlkRozp.pas">
				<Form>F_BlkRozp</Form>
			</DCCReference>
			<DCCReference Include="RegulatorTCP.pas"/>
			<DCCReference Include="forms\fFuncsSet.pas">
				<Form>F_FuncsSet</Form>
			</DCCReference>
			<DCCReference Include="hv\FunkceVyznam.pas"/>
			<DCCReference Include="bloky\TBlokTratUsek.pas"/>
			<DCCReference Include="bloky\forms\fBlkTU.pas">
				<Form>F_BlkTU</Form>
			</DCCReference>
			<DCCReference Include="bloky\forms\fBlkTUZastEvent.pas">
				<Form>F_BlkTUZastEvent</Form>
			</DCCReference>
			<DCCReference Include="RCSdebugger.pas"/>
			<DCCReference Include="UDPdiscover.pas"/>
			<DCCReference Include="helpers\USock.pas"/>
			<DCCReference Include="helpers\appEv.pas"/>
			<DCCReference Include="helpers\SystemCriticalU.pas"/>
			<DCCReference Include="bloky\TBlokVystup.pas"/>
			<DCCReference Include="bloky\forms\fBlkVystup.pas">
				<Form>F_BlkVystup</Form>
			</DCCReference>
			<DCCReference Include="pt\TCPServerPT.pas"/>
			<DCCReference Include="..\lib\JsonDataObjects\Source\JsonDataObjects.pas"/>
			<DCCReference Include="pt\PTEndpoint.pas"/>
			<DCCReference Include="pt\PTEndpointBlok.pas"/>
			<DCCReference Include="pt\PTEndpointBloky.pas"/>
			<DCCReference Include="pt\PTUtils.pas"/>
			<DCCReference Include="pt\PTEndpointLok.pas"/>
			<DCCReference Include="pt\PTEndpointLoks.pas"/>
			<DCCReference Include="pt\PTEndpointBlokStav.pas"/>
			<DCCReference Include="pt\PTEndpointLokStav.pas"/>
			<DCCReference Include="rcs\RCS.pas"/>
			<DCCReference Include="rcs\RCSErrors.pas"/>
			<DCCReference Include="rrEvent.pas"/>
			<DCCReference Include="houkEvent.pas"/>
			<DCCReference Include="forms\frrEv.pas">
				<Form>F_RREv</Form>
			</DCCReference>
			<DCCReference Include="bloky\forms\fhoukEv.pas">
				<Form>F_HoukEv</Form>
			</DCCReference>
			<DCCReference Include="bloky\forms\fHoukEvs.pas">
				<Form>F_HoukEvs</Form>
			</DCCReference>
			<DCCReference Include="bloky\forms\fHoukEvsUsek.pas">
				<Form>F_HoukEvsUsek</Form>
			</DCCReference>
			<DCCReference Include="stanicniHlaseni.pas"/>
			<DCCReference Include="stanicniHlaseniHelper.pas"/>
			<DCCReference Include="changeEvent.pas"/>
			<DCCReference Include="changeEventCaller.pas"/>
			<DCCReference Include="bloky\TBlokSouctovaHlaska.pas"/>
			<DCCReference Include="bloky\forms\fBlkSH.pas"/>
			<DCCReference Include="predvidanyOdjezd.pas"/>
			<DCCReference Include="helpers\timeHelper.pas"/>
			<DCCReference Include="TechnologieAB.pas"/>
			<DCCReference Include="tables\DataAB.pas"/>
			<DCCReference Include="trakce\Simulator.pas"/>
			<DCCReference Include="TCPORsRef.pas"/>
			<DCCReference Include="bloky\forms\fBlkNav.pas"/>
			<None Include="ModelSupport_hJOPserver\default.txaPackage"/>
			<BuildConfiguration Include="Base">
				<Key>Base</Key>
			</BuildConfiguration>
			<BuildConfiguration Include="Debug">
				<Key>Cfg_2</Key>
				<CfgParent>Base</CfgParent>
			</BuildConfiguration>
			<BuildConfiguration Include="Release">
				<Key>Cfg_1</Key>
				<CfgParent>Base</CfgParent>
			</BuildConfiguration>
		</ItemGroup>
		<Import Project="$(BDS)\Bin\CodeGear.Delphi.Targets" Condition="Exists('$(BDS)\Bin\CodeGear.Delphi.Targets')"/>
		<PropertyGroup>
			<PreBuildEvent><![CDATA[del /q ..\outunit\*]]></PreBuildEvent>
		</PropertyGroup>
		<ProjectExtensions>
			<Borland.Personality>Delphi.Personality.12</Borland.Personality>
			<Borland.ProjectType>VCLApplication</Borland.ProjectType>
			<BorlandProject>
				<Delphi.Personality>
					<Source>
						<Source Name="MainSource">hJOPserver.dpr</Source>
					</Source>
					<Parameters>
						<Parameters Name="UseLauncher">False</Parameters>
						<Parameters Name="LoadAllSymbols">True</Parameters>
						<Parameters Name="LoadUnspecifiedSymbols">False</Parameters>
						<Parameters Name="DebugSourceDirs">C:\UsersData\Vlak\Delphi\Komponenty\ComPort\Source\;D:\UsersData\Vlak\Delphi\Komponenty\ComPort\Source\</Parameters>
					</Parameters>
					<VersionInfo>
						<VersionInfo Name="IncludeVerInfo">True</VersionInfo>
						<VersionInfo Name="AutoIncBuild">True</VersionInfo>
						<VersionInfo Name="MajorVer">4</VersionInfo>
						<VersionInfo Name="MinorVer">16</VersionInfo>
						<VersionInfo Name="Release">6</VersionInfo>
						<VersionInfo Name="Build">1</VersionInfo>
						<VersionInfo Name="Debug">False</VersionInfo>
						<VersionInfo Name="PreRelease">False</VersionInfo>
						<VersionInfo Name="Special">False</VersionInfo>
						<VersionInfo Name="Private">False</VersionInfo>
						<VersionInfo Name="DLL">False</VersionInfo>
						<VersionInfo Name="Locale">1029</VersionInfo>
						<VersionInfo Name="CodePage">1250</VersionInfo>
					</VersionInfo>
					<VersionInfoKeys>
						<VersionInfoKeys Name="CompanyName">Jan Horáček</VersionInfoKeys>
						<VersionInfoKeys Name="FileDescription">hJOP technologicky server</VersionInfoKeys>
						<VersionInfoKeys Name="FileVersion">4.16.6.1</VersionInfoKeys>
						<VersionInfoKeys Name="InternalName">hJOPserver</VersionInfoKeys>
						<VersionInfoKeys Name="LegalCopyright">Jan Horáček 2008-2019</VersionInfoKeys>
						<VersionInfoKeys Name="LegalTrademarks"/>
						<VersionInfoKeys Name="OriginalFilename">hJOPserver.exe</VersionInfoKeys>
						<VersionInfoKeys Name="ProductName">hJOPserver</VersionInfoKeys>
						<VersionInfoKeys Name="ProductVersion">1.0.0.0</VersionInfoKeys>
						<VersionInfoKeys Name="Comments"/>
					</VersionInfoKeys>
					<Excluded_Packages>
						<Excluded_Packages Name="$(BDS)\bin\dcloffice2k120.bpl">Microsoft Office 2000 Sample Automation Server Wrapper Components</Excluded_Packages>
						<Excluded_Packages Name="$(BDS)\bin\dclofficexp120.bpl">Microsoft Office XP Sample Automation Server Wrapper Components</Excluded_Packages>
					</Excluded_Packages>
				</Delphi.Personality>
			</BorlandProject>
			<ProjectFileVersion>12</ProjectFileVersion>
		</ProjectExtensions>
	</Project>
